
Microsoft Visual Studio Solution File, Format Version 12.00
# Visual Studio Version 17
VisualStudioVersion = 17.9.34723.18
MinimumVisualStudioVersion = 10.0.40219.1
Project("{FAE04EC0-301F-11D3-BF4B-00C04F79EFBC}") = "Repository", "Repository.csproj", "{8E666F7B-6E8B-4C18-937C-BC1BC5B15078}"
EndProject
Global
	GlobalSection(SolutionConfigurationPlatforms) = preSolution
		Debug|Any CPU = Debug|Any CPU
		Release|Any CPU = Release|Any CPU
	EndGlobalSection
	GlobalSection(ProjectConfigurationPlatforms) = postSolution
		{8E666F7B-6E8B-4C18-937C-BC1BC5B15078}.Debug|Any CPU.ActiveCfg = Debug|Any CPU
		{8E666F7B-6E8B-4C18-937C-BC1BC5B15078}.Debug|Any CPU.Build.0 = Debug|Any CPU
		{8E666F7B-6E8B-4C18-937C-BC1BC5B15078}.Release|Any CPU.ActiveCfg = Release|Any CPU
		{8E666F7B-6E8B-4C18-937C-BC1BC5B15078}.Release|Any CPU.Build.0 = Release|Any CPU
	EndGlobalSection
	GlobalSection(SolutionProperties) = preSolution
		HideSolutionNode = FALSE
	EndGlobalSection
	GlobalSection(ExtensibilityGlobals) = postSolution
		SolutionGuid = {10FF7B8B-7E3D-4069-B97F-A6970CF446D8}
	EndGlobalSection
EndGlobal
